version = 1
revision = 3
requires-python = "==3.11.*"

[[package]]
name = "comtypes"
version = "1.4.13"
source = { registry = "https://pypi.org/simple" }
sdist = { url = "https://files.pythonhosted.org/packages/c0/5c/848f18615227fe20f5ba61b271bbeb670f2ea894f76fb3a533e53d4b52d4/comtypes-1.4.13.zip", hash = "sha256:fc573997ae32b374891cfa8d79ebb8289809ed3a4a3f789d5348371099c7788a", size = 281325, upload-time = "2025-10-12T14:25:09.061Z" }
wheels = [
    { url = "https://files.pythonhosted.org/packages/66/95/f30c80615fda0d3c0ee6493ac9db61183313b43499b62dec136773b0e870/comtypes-1.4.13-py3-none-any.whl", hash = "sha256:21546210748ba52e839e52112124b16ffab7d7fb68096493165fbc249e9023ad", size = 254433, upload-time = "2025-10-12T14:25:07.539Z" },
]

[[package]]
name = "numpy"
version = "2.3.5"
source = { registry = "https://pypi.org/simple" }
sdist = { url = "https://files.pythonhosted.org/packages/76/65/21b3bc86aac7b8f2862db1e808f1ea22b028e30a225a34a5ede9bf8678f2/numpy-2.3.5.tar.gz", hash = "sha256:784db1dcdab56bf0517743e746dfb0f885fc68d948aba86eeec2cba234bdf1c0", size = 20584950, upload-time = "2025-11-16T22:52:42.067Z" }
wheels = [
    { url = "https://files.pythonhosted.org/packages/43/77/84dd1d2e34d7e2792a236ba180b5e8fcc1e3e414e761ce0253f63d7f572e/numpy-2.3.5-cp311-cp311-macosx_10_9_x86_64.whl", hash = "sha256:de5672f4a7b200c15a4127042170a694d4df43c992948f5e1af57f0174beed10", size = 17034641, upload-time = "2025-11-16T22:49:19.336Z" },
    { url = "https://files.pythonhosted.org/packages/2a/ea/25e26fa5837106cde46ae7d0b667e20f69cbbc0efd64cba8221411ab26ae/numpy-2.3.5-cp311-cp311-macosx_11_0_arm64.whl", hash = "sha256:acfd89508504a19ed06ef963ad544ec6664518c863436306153e13e94605c218", size = 12528324, upload-time = "2025-11-16T22:49:22.582Z" },
    { url = "https://files.pythonhosted.org/packages/4d/1a/e85f0eea4cf03d6a0228f5c0256b53f2df4bc794706e7df019fc622e47f1/numpy-2.3.5-cp311-cp311-macosx_14_0_arm64.whl", hash = "sha256:ffe22d2b05504f786c867c8395de703937f934272eb67586817b46188b4ded6d", size = 5356872, upload-time = "2025-11-16T22:49:25.408Z" },
    { url = "https://files.pythonhosted.org/packages/5c/bb/35ef04afd567f4c989c2060cde39211e4ac5357155c1833bcd1166055c61/numpy-2.3.5-cp311-cp311-macosx_14_0_x86_64.whl", hash = "sha256:872a5cf366aec6bb1147336480fef14c9164b154aeb6542327de4970282cd2f5", size = 6893148, upload-time = "2025-11-16T22:49:27.549Z" },
    { url = "https://files.pythonhosted.org/packages/f2/2b/05bbeb06e2dff5eab512dfc678b1cc5ee94d8ac5956a0885c64b6b26252b/numpy-2.3.5-cp311-cp311-manylinux_2_27_aarch64.manylinux_2_28_aarch64.whl", hash = "sha256:3095bdb8dd297e5920b010e96134ed91d852d81d490e787beca7e35ae1d89cf7", size = 14557282, upload-time = "2025-11-16T22:49:30.964Z" },
    { url = "https://files.pythonhosted.org/packages/65/fb/2b23769462b34398d9326081fad5655198fcf18966fcb1f1e49db44fbf31/numpy-2.3.5-cp311-cp311-manylinux_2_27_x86_64.manylinux_2_28_x86_64.whl", hash = "sha256:8cba086a43d54ca804ce711b2a940b16e452807acebe7852ff327f1ecd49b0d4", size = 16897903, upload-time = "2025-11-16T22:49:34.191Z" },
    { url = "https://files.pythonhosted.org/packages/ac/14/085f4cf05fc3f1e8aa95e85404e984ffca9b2275a5dc2b1aae18a67538b8/numpy-2.3.5-cp311-cp311-musllinux_1_2_aarch64.whl", hash = "sha256:6cf9b429b21df6b99f4dee7a1218b8b7ffbbe7df8764dc0bd60ce8a0708fed1e", size = 16341672, upload-time = "2025-11-16T22:49:37.2Z" },
    { url = "https://files.pythonhosted.org/packages/6f/3b/1f73994904142b2aa290449b3bb99772477b5fd94d787093e4f24f5af763/numpy-2.3.5-cp311-cp311-musllinux_1_2_x86_64.whl", hash = "sha256:396084a36abdb603546b119d96528c2f6263921c50df3c8fd7cb28873a237748", size = 18838896, upload-time = "2025-11-16T22:49:39.727Z" },
    { url = "https://files.pythonhosted.org/packages/cd/b9/cf6649b2124f288309ffc353070792caf42ad69047dcc60da85ee85fea58/numpy-2.3.5-cp311-cp311-win32.whl", hash = "sha256:b0c7088a73aef3d687c4deef8452a3ac7c1be4e29ed8bf3b366c8111128ac60c", size = 6563608, upload-time = "2025-11-16T22:49:42.079Z" },
    { url = "https://files.pythonhosted.org/packages/aa/44/9fe81ae1dcc29c531843852e2874080dc441338574ccc4306b39e2ff6e59/numpy-2.3.5-cp311-cp311-win_amd64.whl", hash = "sha256:a414504bef8945eae5f2d7cb7be2d4af77c5d1cb5e20b296c2c25b61dff2900c", size = 13078442, upload-time = "2025-11-16T22:49:43.99Z" },
    { url = "https://files.pythonhosted.org/packages/6d/a7/f99a41553d2da82a20a2f22e93c94f928e4490bb447c9ff3c4ff230581d3/numpy-2.3.5-cp311-cp311-win_arm64.whl", hash = "sha256:0cd00b7b36e35398fa2d16af7b907b65304ef8bb4817a550e06e5012929830fa", size = 10458555, upload-time = "2025-11-16T22:49:47.092Z" },
    { url = "https://files.pythonhosted.org/packages/c6/65/f9dea8e109371ade9c782b4e4756a82edf9d3366bca495d84d79859a0b79/numpy-2.3.5-pp311-pypy311_pp73-macosx_10_15_x86_64.whl", hash = "sha256:f0963b55cdd70fad460fa4c1341f12f976bb26cb66021a5580329bd498988310", size = 16910689, upload-time = "2025-11-16T22:52:23.247Z" },
    { url = "https://files.pythonhosted.org/packages/00/4f/edb00032a8fb92ec0a679d3830368355da91a69cab6f3e9c21b64d0bb986/numpy-2.3.5-pp311-pypy311_pp73-macosx_11_0_arm64.whl", hash = "sha256:f4255143f5160d0de972d28c8f9665d882b5f61309d8362fdd3e103cf7bf010c", size = 12457053, upload-time = "2025-11-16T22:52:26.367Z" },
    { url = "https://files.pythonhosted.org/packages/16/a4/e8a53b5abd500a63836a29ebe145fc1ab1f2eefe1cfe59276020373ae0aa/numpy-2.3.5-pp311-pypy311_pp73-macosx_14_0_arm64.whl", hash = "sha256:a4b9159734b326535f4dd01d947f919c6eefd2d9827466a696c44ced82dfbc18", size = 5285635, upload-time = "2025-11-16T22:52:29.266Z" },
    { url = "https://files.pythonhosted.org/packages/a3/2f/37eeb9014d9c8b3e9c55bc599c68263ca44fdbc12a93e45a21d1d56df737/numpy-2.3.5-pp311-pypy311_pp73-macosx_14_0_x86_64.whl", hash = "sha256:2feae0d2c91d46e59fcd62784a3a83b3fb677fead592ce51b5a6fbb4f95965ff", size = 6801770, upload-time = "2025-11-16T22:52:31.421Z" },
    { url = "https://files.pythonhosted.org/packages/7d/e4/68d2f474df2cb671b2b6c2986a02e520671295647dad82484cde80ca427b/numpy-2.3.5-pp311-pypy311_pp73-manylinux_2_27_aarch64.manylinux_2_28_aarch64.whl", hash = "sha256:ffac52f28a7849ad7576293c0cb7b9f08304e8f7d738a8cb8a90ec4c55a998eb", size = 14391768, upload-time = "2025-11-16T22:52:33.593Z" },
    { url = "https://files.pythonhosted.org/packages/b8/50/94ccd8a2b141cb50651fddd4f6a48874acb3c91c8f0842b08a6afc4b0b21/numpy-2.3.5-pp311-pypy311_pp73-manylinux_2_27_x86_64.manylinux_2_28_x86_64.whl", hash = "sha256:63c0e9e7eea69588479ebf4a8a270d5ac22763cc5854e9a7eae952a3908103f7", size = 16729263, upload-time = "2025-11-16T22:52:36.369Z" },
    { url = "https://files.pythonhosted.org/packages/2d/ee/346fa473e666fe14c52fcdd19ec2424157290a032d4c41f98127bfb31ac7/numpy-2.3.5-pp311-pypy311_pp73-win_amd64.whl", hash = "sha256:f16417ec91f12f814b10bafe79ef77e70113a2f5f7018640e7425ff979253425", size = 12967213, upload-time = "2025-11-16T22:52:39.38Z" },
]

[[package]]
name = "pillow"
version = "12.0.0"
source = { registry = "https://pypi.org/simple" }
sdist = { url = "https://files.pythonhosted.org/packages/5a/b0/cace85a1b0c9775a9f8f5d5423c8261c858760e2466c79b2dd184638b056/pillow-12.0.0.tar.gz", hash = "sha256:87d4f8125c9988bfbed67af47dd7a953e2fc7b0cc1e7800ec6d2080d490bb353", size = 47008828, upload-time = "2025-10-15T18:24:14.008Z" }
wheels = [
    { url = "https://files.pythonhosted.org/packages/0e/5a/a2f6773b64edb921a756eb0729068acad9fc5208a53f4a349396e9436721/pillow-12.0.0-cp311-cp311-macosx_10_10_x86_64.whl", hash = "sha256:0fd00cac9c03256c8b2ff58f162ebcd2587ad3e1f2e397eab718c47e24d231cc", size = 5289798, upload-time = "2025-10-15T18:21:47.763Z" },
    { url = "https://files.pythonhosted.org/packages/2e/05/069b1f8a2e4b5a37493da6c5868531c3f77b85e716ad7a590ef87d58730d/pillow-12.0.0-cp311-cp311-macosx_11_0_arm64.whl", hash = "sha256:a3475b96f5908b3b16c47533daaa87380c491357d197564e0ba34ae75c0f3257", size = 4650589, upload-time = "2025-10-15T18:21:49.515Z" },
    { url = "https://files.pythonhosted.org/packages/61/e3/2c820d6e9a36432503ead175ae294f96861b07600a7156154a086ba7111a/pillow-12.0.0-cp311-cp311-manylinux2014_aarch64.manylinux_2_17_aarch64.whl", hash = "sha256:110486b79f2d112cf6add83b28b627e369219388f64ef2f960fef9ebaf54c642", size = 6230472, upload-time = "2025-10-15T18:21:51.052Z" },
    { url = "https://files.pythonhosted.org/packages/4f/89/63427f51c64209c5e23d4d52071c8d0f21024d3a8a487737caaf614a5795/pillow-12.0.0-cp311-cp311-manylinux2014_x86_64.manylinux_2_17_x86_64.whl", hash = "sha256:5269cc1caeedb67e6f7269a42014f381f45e2e7cd42d834ede3c703a1d915fe3", size = 8033887, upload-time = "2025-10-15T18:21:52.604Z" },
    { url = "https://files.pythonhosted.org/packages/f6/1b/c9711318d4901093c15840f268ad649459cd81984c9ec9887756cca049a5/pillow-12.0.0-cp311-cp311-manylinux_2_27_aarch64.manylinux_2_28_aarch64.whl", hash = "sha256:aa5129de4e174daccbc59d0a3b6d20eaf24417d59851c07ebb37aeb02947987c", size = 6343964, upload-time = "2025-10-15T18:21:54.619Z" },
    { url = "https://files.pythonhosted.org/packages/41/1e/db9470f2d030b4995083044cd8738cdd1bf773106819f6d8ba12597d5352/pillow-12.0.0-cp311-cp311-manylinux_2_27_x86_64.manylinux_2_28_x86_64.whl", hash = "sha256:bee2a6db3a7242ea309aa7ee8e2780726fed67ff4e5b40169f2c940e7eb09227", size = 7034756, upload-time = "2025-10-15T18:21:56.151Z" },
    { url = "https://files.pythonhosted.org/packages/cc/b0/6177a8bdd5ee4ed87cba2de5a3cc1db55ffbbec6176784ce5bb75aa96798/pillow-12.0.0-cp311-cp311-musllinux_1_2_aarch64.whl", hash = "sha256:90387104ee8400a7b4598253b4c406f8958f59fcf983a6cea2b50d59f7d63d0b", size = 6458075, upload-time = "2025-10-15T18:21:57.759Z" },
    { url = "https://files.pythonhosted.org/packages/bc/5e/61537aa6fa977922c6a03253a0e727e6e4a72381a80d63ad8eec350684f2/pillow-12.0.0-cp311-cp311-musllinux_1_2_x86_64.whl", hash = "sha256:bc91a56697869546d1b8f0a3ff35224557ae7f881050e99f615e0119bf934b4e", size = 7125955, upload-time = "2025-10-15T18:21:59.372Z" },
    { url = "https://files.pythonhosted.org/packages/1f/3d/d5033539344ee3cbd9a4d69e12e63ca3a44a739eb2d4c8da350a3d38edd7/pillow-12.0.0-cp311-cp311-win32.whl", hash = "sha256:27f95b12453d165099c84f8a8bfdfd46b9e4bda9e0e4b65f0635430027f55739", size = 6298440, upload-time = "2025-10-15T18:22:00.982Z" },
    { url = "https://files.pythonhosted.org/packages/4d/42/aaca386de5cc8bd8a0254516957c1f265e3521c91515b16e286c662854c4/pillow-12.0.0-cp311-cp311-win_amd64.whl", hash = "sha256:b583dc9070312190192631373c6c8ed277254aa6e6084b74bdd0a6d3b221608e", size = 6999256, upload-time = "2025-10-15T18:22:02.617Z" },
    { url = "https://files.pythonhosted.org/packages/ba/f1/9197c9c2d5708b785f631a6dfbfa8eb3fb9672837cb92ae9af812c13b4ed/pillow-12.0.0-cp311-cp311-win_arm64.whl", hash = "sha256:759de84a33be3b178a64c8ba28ad5c135900359e85fb662bc6e403ad4407791d", size = 2436025, upload-time = "2025-10-15T18:22:04.598Z" },
    { url = "https://files.pythonhosted.org/packages/1d/b3/582327e6c9f86d037b63beebe981425d6811104cb443e8193824ef1a2f27/pillow-12.0.0-pp311-pypy311_pp73-macosx_10_15_x86_64.whl", hash = "sha256:b22bd8c974942477156be55a768f7aa37c46904c175be4e158b6a86e3a6b7ca8", size = 5215068, upload-time = "2025-10-15T18:23:59.594Z" },
    { url = "https://files.pythonhosted.org/packages/fd/d6/67748211d119f3b6540baf90f92fae73ae51d5217b171b0e8b5f7e5d558f/pillow-12.0.0-pp311-pypy311_pp73-macosx_11_0_arm64.whl", hash = "sha256:805ebf596939e48dbb2e4922a1d3852cfc25c38160751ce02da93058b48d252a", size = 4614994, upload-time = "2025-10-15T18:24:01.669Z" },
    { url = "https://files.pythonhosted.org/packages/2d/e1/f8281e5d844c41872b273b9f2c34a4bf64ca08905668c8ae730eedc7c9fa/pillow-12.0.0-pp311-pypy311_pp73-manylinux2014_aarch64.manylinux_2_17_aarch64.whl", hash = "sha256:cae81479f77420d217def5f54b5b9d279804d17e982e0f2fa19b1d1e14ab5197", size = 5246639, upload-time = "2025-10-15T18:24:03.403Z" },
    { url = "https://files.pythonhosted.org/packages/94/5a/0d8ab8ffe8a102ff5df60d0de5af309015163bf710c7bb3e8311dd3b3ad0/pillow-12.0.0-pp311-pypy311_pp73-manylinux2014_x86_64.manylinux_2_17_x86_64.whl", hash = "sha256:aeaefa96c768fc66818730b952a862235d68825c178f1b3ffd4efd7ad2edcb7c", size = 6986839, upload-time = "2025-10-15T18:24:05.344Z" },
    { url = "https://files.pythonhosted.org/packages/20/2e/3434380e8110b76cd9eb00a363c484b050f949b4bbe84ba770bb8508a02c/pillow-12.0.0-pp311-pypy311_pp73-manylinux_2_27_aarch64.manylinux_2_28_aarch64.whl", hash = "sha256:09f2d0abef9e4e2f349305a4f8cc784a8a6c2f58a8c4892eea13b10a943bd26e", size = 5313505, upload-time = "2025-10-15T18:24:07.137Z" },
    { url = "https://files.pythonhosted.org/packages/57/ca/5a9d38900d9d74785141d6580950fe705de68af735ff6e727cb911b64740/pillow-12.0.0-pp311-pypy311_pp73-manylinux_2_27_x86_64.manylinux_2_28_x86_64.whl", hash = "sha256:bdee52571a343d721fb2eb3b090a82d959ff37fc631e3f70422e0c2e029f3e76", size = 5963654, upload-time = "2025-10-15T18:24:09.579Z" },
    { url = "https://files.pythonhosted.org/packages/95/7e/f896623c3c635a90537ac093c6a618ebe1a90d87206e42309cb5d98a1b9e/pillow-12.0.0-pp311-pypy311_pp73-win_amd64.whl", hash = "sha256:b290fd8aa38422444d4b50d579de197557f182ef1068b75f5aa8558638b8d0a5", size = 6997850, upload-time = "2025-10-15T18:24:11.495Z" },
]

[[package]]
name = "py-gui-tool"
version = "0.1.0"
source = { virtual = "." }
dependencies = [
    { name = "comtypes", marker = "sys_platform == 'win32'" },
    { name = "pywin32", marker = "sys_platform == 'win32'" },
    { name = "wxpython" },
]

[package.metadata]
requires-dist = [
    { name = "comtypes", marker = "sys_platform == 'win32'", specifier = ">=1.1.14" },
    { name = "pywin32", marker = "sys_platform == 'win32'", specifier = ">=306" },
    { name = "wxpython", specifier = "==4.2.1" },
]

[[package]]
name = "pywin32"
version = "311"
source = { registry = "https://pypi.org/simple" }
wheels = [
    { url = "https://files.pythonhosted.org/packages/7c/af/449a6a91e5d6db51420875c54f6aff7c97a86a3b13a0b4f1a5c13b988de3/pywin32-311-cp311-cp311-win32.whl", hash = "sha256:184eb5e436dea364dcd3d2316d577d625c0351bf237c4e9a5fabbcfa5a58b151", size = 8697031, upload-time = "2025-07-14T20:13:13.266Z" },
    { url = "https://files.pythonhosted.org/packages/51/8f/9bb81dd5bb77d22243d33c8397f09377056d5c687aa6d4042bea7fbf8364/pywin32-311-cp311-cp311-win_amd64.whl", hash = "sha256:3ce80b34b22b17ccbd937a6e78e7225d80c52f5ab9940fe0506a1a16f3dab503", size = 9508308, upload-time = "2025-07-14T20:13:15.147Z" },
    { url = "https://files.pythonhosted.org/packages/44/7b/9c2ab54f74a138c491aba1b1cd0795ba61f144c711daea84a88b63dc0f6c/pywin32-311-cp311-cp311-win_arm64.whl", hash = "sha256:a733f1388e1a842abb67ffa8e7aad0e70ac519e09b0f6a784e65a136ec7cefd2", size = 8703930, upload-time = "2025-07-14T20:13:16.945Z" },
]

[[package]]
name = "six"
version = "1.17.0"
source = { registry = "https://pypi.org/simple" }
sdist = { url = "https://files.pythonhosted.org/packages/94/e7/b2c673351809dca68a0e064b6af791aa332cf192da575fd474ed7d6f16a2/six-1.17.0.tar.gz", hash = "sha256:ff70335d468e7eb6ec65b95b99d3a2836546063f63acc5171de367e834932a81", size = 34031, upload-time = "2024-12-04T17:35:28.174Z" }
wheels = [
    { url = "https://files.pythonhosted.org/packages/b7/ce/149a00dd41f10bc29e5921b496af8b574d8413afcd5e30dfa0ed46c2cc5e/six-1.17.0-py2.py3-none-any.whl", hash = "sha256:4721f391ed90541fddacab5acf947aa0d3dc7d27b2e1e8eda2be8970586c3274", size = 11050, upload-time = "2024-12-04T17:35:26.475Z" },
]

[[package]]
name = "wxpython"
version = "4.2.1"
source = { registry = "https://pypi.org/simple" }
dependencies = [
    { name = "numpy" },
    { name = "pillow" },
    { name = "six" },
]
sdist = { url = "https://files.pythonhosted.org/packages/aa/64/d749e767a8ce7bdc3d533334e03bb1106fc4e4803d16f931fada9007ee13/wxPython-4.2.1.tar.gz", hash = "sha256:e48de211a6606bf072ec3fa778771d6b746c00b7f4b970eb58728ddf56d13d5c", size = 73724359, upload-time = "2023-06-08T01:26:49.508Z" }
wheels = [
    { url = "https://files.pythonhosted.org/packages/f1/72/9f7daca22464e3e444b2127cace8d22478889e82ffc8195e28aced08db72/wxPython-4.2.1-cp311-cp311-macosx_10_10_universal2.whl", hash = "sha256:e87960d1963e291d4009c8547c85716b7d5325eb828cd183fdb28d441d6c3787", size = 31493199, upload-time = "2023-06-08T01:24:18.23Z" },
    { url = "https://files.pythonhosted.org/packages/13/d6/37504d7d379dd5a9683eb610559b191dc7d2be03b244f8012863e1e4f596/wxPython-4.2.1-cp311-cp311-win32.whl", hash = "sha256:a41f3e03c3bfbe80864d7456f5c1236991fa937eedb60b986bd67e1bb47b7c3d", size = 15428145, upload-time = "2023-06-08T01:24:25.639Z" },
    { url = "https://files.pythonhosted.org/packages/36/60/0e40b653df66328e53c60d69c4f6c835655837e89da42e95feb28aa18118/wxPython-4.2.1-cp311-cp311-win_amd64.whl", hash = "sha256:3062b4d2f5d6dcf1d59983797fc067270a5ce829a918d52a516212e798f0c9ae", size = 17826407, upload-time = "2023-06-08T01:24:33.332Z" },
]
